
Microsoft Visual Studio Solution File, Format Version 12.00
# Visual Studio Version 17
VisualStudioVersion = 17.11.35312.102
MinimumVisualStudioVersion = 10.0.40219.1
Project("{FAE04EC0-301F-11D3-BF4B-00C04F79EFBC}") = "01_MainSubjects", "01_MainSubjects\01_MainSubjects.csproj", "{C74C86DE-2DFA-4025-88C0-E456915C9133}"
EndProject
Project("{FAE04EC0-301F-11D3-BF4B-00C04F79EFBC}") = "02_Variables", "02_Variables\02_Variables.csproj", "{92E4D737-A31A-4DB4-A1AC-12726654AE4B}"
EndProject
Project("{FAE04EC0-301F-11D3-BF4B-00C04F79EFBC}") = "03_MakingDecision", "03_MakingDecision\03_MakingDecision.csproj", "{4C00CBB0-8F52-454F-8890-B56B4789B395}"
EndProject
Project("{FAE04EC0-301F-11D3-BF4B-00C04F79EFBC}") = "04_Loops", "04_Loops\04_Loops.csproj", "{EDC0E9BA-62D7-403E-95C3-093C29E9FA23}"
EndProject
Project("{FAE04EC0-301F-11D3-BF4B-00C04F79EFBC}") = "05_LoopsWithStars", "05_LoopsWithStars\05_LoopsWithStars.csproj", "{6908DCF9-9A00-4F97-869E-98CADFE61B31}"
EndProject
Project("{FAE04EC0-301F-11D3-BF4B-00C04F79EFBC}") = "06-Arrays", "06-Arrays\06-Arrays.csproj", "{EFB23A15-6FD0-4621-8CC7-E155A868FF7D}"
EndProject
Project("{FAE04EC0-301F-11D3-BF4B-00C04F79EFBC}") = "07_ForeachLoop", "07_ForeachLoop\07_ForeachLoop.csproj", "{02C9E5BC-5866-4B97-AFB7-3F4CF46EB5F7}"
EndProject
Project("{FAE04EC0-301F-11D3-BF4B-00C04F79EFBC}") = "08_Methods", "08_Methods\08_Methods.csproj", "{C52EE87B-862F-4D16-A839-0FD2BC3B6890}"
EndProject
Global
	GlobalSection(SolutionConfigurationPlatforms) = preSolution
		Debug|Any CPU = Debug|Any CPU
		Release|Any CPU = Release|Any CPU
	EndGlobalSection
	GlobalSection(ProjectConfigurationPlatforms) = postSolution
		{C74C86DE-2DFA-4025-88C0-E456915C9133}.Debug|Any CPU.ActiveCfg = Debug|Any CPU
		{C74C86DE-2DFA-4025-88C0-E456915C9133}.Debug|Any CPU.Build.0 = Debug|Any CPU
		{C74C86DE-2DFA-4025-88C0-E456915C9133}.Release|Any CPU.ActiveCfg = Release|Any CPU
		{C74C86DE-2DFA-4025-88C0-E456915C9133}.Release|Any CPU.Build.0 = Release|Any CPU
		{92E4D737-A31A-4DB4-A1AC-12726654AE4B}.Debug|Any CPU.ActiveCfg = Debug|Any CPU
		{92E4D737-A31A-4DB4-A1AC-12726654AE4B}.Debug|Any CPU.Build.0 = Debug|Any CPU
		{92E4D737-A31A-4DB4-A1AC-12726654AE4B}.Release|Any CPU.ActiveCfg = Release|Any CPU
		{92E4D737-A31A-4DB4-A1AC-12726654AE4B}.Release|Any CPU.Build.0 = Release|Any CPU
		{4C00CBB0-8F52-454F-8890-B56B4789B395}.Debug|Any CPU.ActiveCfg = Debug|Any CPU
		{4C00CBB0-8F52-454F-8890-B56B4789B395}.Debug|Any CPU.Build.0 = Debug|Any CPU
		{4C00CBB0-8F52-454F-8890-B56B4789B395}.Release|Any CPU.ActiveCfg = Release|Any CPU
		{4C00CBB0-8F52-454F-8890-B56B4789B395}.Release|Any CPU.Build.0 = Release|Any CPU
		{EDC0E9BA-62D7-403E-95C3-093C29E9FA23}.Debug|Any CPU.ActiveCfg = Debug|Any CPU
		{EDC0E9BA-62D7-403E-95C3-093C29E9FA23}.Debug|Any CPU.Build.0 = Debug|Any CPU
		{EDC0E9BA-62D7-403E-95C3-093C29E9FA23}.Release|Any CPU.ActiveCfg = Release|Any CPU
		{EDC0E9BA-62D7-403E-95C3-093C29E9FA23}.Release|Any CPU.Build.0 = Release|Any CPU
		{6908DCF9-9A00-4F97-869E-98CADFE61B31}.Debug|Any CPU.ActiveCfg = Debug|Any CPU
		{6908DCF9-9A00-4F97-869E-98CADFE61B31}.Debug|Any CPU.Build.0 = Debug|Any CPU
		{6908DCF9-9A00-4F97-869E-98CADFE61B31}.Release|Any CPU.ActiveCfg = Release|Any CPU
		{6908DCF9-9A00-4F97-869E-98CADFE61B31}.Release|Any CPU.Build.0 = Release|Any CPU
		{EFB23A15-6FD0-4621-8CC7-E155A868FF7D}.Debug|Any CPU.ActiveCfg = Debug|Any CPU
		{EFB23A15-6FD0-4621-8CC7-E155A868FF7D}.Debug|Any CPU.Build.0 = Debug|Any CPU
		{EFB23A15-6FD0-4621-8CC7-E155A868FF7D}.Release|Any CPU.ActiveCfg = Release|Any CPU
		{EFB23A15-6FD0-4621-8CC7-E155A868FF7D}.Release|Any CPU.Build.0 = Release|Any CPU
		{02C9E5BC-5866-4B97-AFB7-3F4CF46EB5F7}.Debug|Any CPU.ActiveCfg = Debug|Any CPU
		{02C9E5BC-5866-4B97-AFB7-3F4CF46EB5F7}.Debug|Any CPU.Build.0 = Debug|Any CPU
		{02C9E5BC-5866-4B97-AFB7-3F4CF46EB5F7}.Release|Any CPU.ActiveCfg = Release|Any CPU
		{02C9E5BC-5866-4B97-AFB7-3F4CF46EB5F7}.Release|Any CPU.Build.0 = Release|Any CPU
		{C52EE87B-862F-4D16-A839-0FD2BC3B6890}.Debug|Any CPU.ActiveCfg = Debug|Any CPU
		{C52EE87B-862F-4D16-A839-0FD2BC3B6890}.Debug|Any CPU.Build.0 = Debug|Any CPU
		{C52EE87B-862F-4D16-A839-0FD2BC3B6890}.Release|Any CPU.ActiveCfg = Release|Any CPU
		{C52EE87B-862F-4D16-A839-0FD2BC3B6890}.Release|Any CPU.Build.0 = Release|Any CPU
	EndGlobalSection
	GlobalSection(SolutionProperties) = preSolution
		HideSolutionNode = FALSE
	EndGlobalSection
	GlobalSection(ExtensibilityGlobals) = postSolution
		SolutionGuid = {1A7A010D-4252-4178-9A54-621AE3E01AA1}
	EndGlobalSection
EndGlobal
